// !$*UTF8*$!
{
	archiveVersion = 1;
	classes = {
	};
	objectVersion = 50;
	objects = {

/* Begin PBXBuildFile section */
		42719D5A20E6251A005039DF /* AppDelegate.swift in Sources */ = {isa = PBXBuildFile; fileRef = 42719D5920E6251A005039DF /* AppDelegate.swift */; };
		42719D5F20E6251A005039DF /* Main.storyboard in Resources */ = {isa = PBXBuildFile; fileRef = 42719D5D20E6251A005039DF /* Main.storyboard */; };
		42719D6120E6251B005039DF /* Assets.xcassets in Resources */ = {isa = PBXBuildFile; fileRef = 42719D6020E6251B005039DF /* Assets.xcassets */; };
		42719D6420E6251B005039DF /* LaunchScreen.storyboard in Resources */ = {isa = PBXBuildFile; fileRef = 42719D6220E6251B005039DF /* LaunchScreen.storyboard */; };
		42719D6C20E62856005039DF /* HotTextTableViewCell.swift in Sources */ = {isa = PBXBuildFile; fileRef = 42719D6B20E62856005039DF /* HotTextTableViewCell.swift */; };
		42719D6E20E62872005039DF /* HotTextTableViewController.swift in Sources */ = {isa = PBXBuildFile; fileRef = 42719D6D20E62872005039DF /* HotTextTableViewController.swift */; };
		42719D7020E629B0005039DF /* HotText.swift in Sources */ = {isa = PBXBuildFile; fileRef = 42719D6F20E629B0005039DF /* HotText.swift */; };
		42E1116420EA0D6900BDC1C3 /* HotTextDetailViewController.swift in Sources */ = {isa = PBXBuildFile; fileRef = 42E1116320EA0D6900BDC1C3 /* HotTextDetailViewController.swift */; };
		4B77C166EC0D7E043DD9E83D /* Pods_PTT2_0.framework in Frameworks */ = {isa = PBXBuildFile; fileRef = 15212A00DA4034B21E2FB4E2 /* Pods_PTT2_0.framework */; };
/* End PBXBuildFile section */

/* Begin PBXFileReference section */
		15212A00DA4034B21E2FB4E2 /* Pods_PTT2_0.framework */ = {isa = PBXFileReference; explicitFileType = wrapper.framework; includeInIndex = 0; path = Pods_PTT2_0.framework; sourceTree = BUILT_PRODUCTS_DIR; };
		3847A72EC14362637237AF9C /* Pods-PTT2.0.debug.xcconfig */ = {isa = PBXFileReference; includeInIndex = 1; lastKnownFileType = text.xcconfig; name = "Pods-PTT2.0.debug.xcconfig"; path = "Pods/Target Support Files/Pods-PTT2.0/Pods-PTT2.0.debug.xcconfig"; sourceTree = "<group>"; };
		42719D5620E6251A005039DF /* PTT2.0.app */ = {isa = PBXFileReference; explicitFileType = wrapper.application; includeInIndex = 0; path = PTT2.0.app; sourceTree = BUILT_PRODUCTS_DIR; };
		42719D5920E6251A005039DF /* AppDelegate.swift */ = {isa = PBXFileReference; lastKnownFileType = sourcecode.swift; path = AppDelegate.swift; sourceTree = "<group>"; };
		42719D5E20E6251A005039DF /* Base */ = {isa = PBXFileReference; lastKnownFileType = file.storyboard; name = Base; path = Base.lproj/Main.storyboard; sourceTree = "<group>"; };
		42719D6020E6251B005039DF /* Assets.xcassets */ = {isa = PBXFileReference; lastKnownFileType = folder.assetcatalog; path = Assets.xcassets; sourceTree = "<group>"; };
		42719D6320E6251B005039DF /* Base */ = {isa = PBXFileReference; lastKnownFileType = file.storyboard; name = Base; path = Base.lproj/LaunchScreen.storyboard; sourceTree = "<group>"; };
		42719D6520E6251B005039DF /* Info.plist */ = {isa = PBXFileReference; lastKnownFileType = text.plist.xml; path = Info.plist; sourceTree = "<group>"; };
		42719D6B20E62856005039DF /* HotTextTableViewCell.swift */ = {isa = PBXFileReference; lastKnownFileType = sourcecode.swift; path = HotTextTableViewCell.swift; sourceTree = "<group>"; };
		42719D6D20E62872005039DF /* HotTextTableViewController.swift */ = {isa = PBXFileReference; lastKnownFileType = sourcecode.swift; path = HotTextTableViewController.swift; sourceTree = "<group>"; };
		42719D6F20E629B0005039DF /* HotText.swift */ = {isa = PBXFileReference; lastKnownFileType = sourcecode.swift; path = HotText.swift; sourceTree = "<group>"; };
		42E1116320EA0D6900BDC1C3 /* HotTextDetailViewController.swift */ = {isa = PBXFileReference; lastKnownFileType = sourcecode.swift; path = HotTextDetailViewController.swift; sourceTree = "<group>"; };
		788D34EC83C19B83FB05B02D /* Pods-PTT2.0.release.xcconfig */ = {isa = PBXFileReference; includeInIndex = 1; lastKnownFileType = text.xcconfig; name = "Pods-PTT2.0.release.xcconfig"; path = "Pods/Target Support Files/Pods-PTT2.0/Pods-PTT2.0.release.xcconfig"; sourceTree = "<group>"; };
/* End PBXFileReference section */

/* Begin PBXFrameworksBuildPhase section */
		42719D5320E6251A005039DF /* Frameworks */ = {
			isa = PBXFrameworksBuildPhase;
			buildActionMask = 2147483647;
			files = (
				4B77C166EC0D7E043DD9E83D /* Pods_PTT2_0.framework in Frameworks */,
			);
			runOnlyForDeploymentPostprocessing = 0;
		};
/* End PBXFrameworksBuildPhase section */

/* Begin PBXGroup section */
		42719D4D20E6251A005039DF = {
			isa = PBXGroup;
			children = (
				42719D5820E6251A005039DF /* PTT2.0 */,
				42719D5720E6251A005039DF /* Products */,
				A4D98945CF096445F7DCD26C /* Pods */,
				599EA29A99ACBD45D216A134 /* Frameworks */,
			);
			sourceTree = "<group>";
		};
		42719D5720E6251A005039DF /* Products */ = {
			isa = PBXGroup;
			children = (
				42719D5620E6251A005039DF /* PTT2.0.app */,
			);
			name = Products;
			sourceTree = "<group>";
		};
		42719D5820E6251A005039DF /* PTT2.0 */ = {
			isa = PBXGroup;
			children = (
				42719D5920E6251A005039DF /* AppDelegate.swift */,
				42719D5D20E6251A005039DF /* Main.storyboard */,
				42719D6020E6251B005039DF /* Assets.xcassets */,
				42719D6220E6251B005039DF /* LaunchScreen.storyboard */,
				42719D6520E6251B005039DF /* Info.plist */,
				42719D6B20E62856005039DF /* HotTextTableViewCell.swift */,
				42719D6D20E62872005039DF /* HotTextTableViewController.swift */,
				42719D6F20E629B0005039DF /* HotText.swift */,
				42E1116320EA0D6900BDC1C3 /* HotTextDetailViewController.swift */,
			);
			path = PTT2.0;
			sourceTree = "<group>";
		};
		599EA29A99ACBD45D216A134 /* Frameworks */ = {
			isa = PBXGroup;
			children = (
				15212A00DA4034B21E2FB4E2 /* Pods_PTT2_0.framework */,
			);
			name = Frameworks;
			sourceTree = "<group>";
		};
		A4D98945CF096445F7DCD26C /* Pods */ = {
			isa = PBXGroup;
			children = (
				3847A72EC14362637237AF9C /* Pods-PTT2.0.debug.xcconfig */,
				788D34EC83C19B83FB05B02D /* Pods-PTT2.0.release.xcconfig */,
			);
			name = Pods;
			sourceTree = "<group>";
		};
/* End PBXGroup section */

/* Begin PBXNativeTarget section */
		42719D5520E6251A005039DF /* PTT2.0 */ = {
			isa = PBXNativeTarget;
			buildConfigurationList = 42719D6820E6251B005039DF /* Build configuration list for PBXNativeTarget "PTT2.0" */;
			buildPhases = (
				FC39474A9D99A530F8CE04A0 /* [CP] Check Pods Manifest.lock */,
				42719D5220E6251A005039DF /* Sources */,
				42719D5320E6251A005039DF /* Frameworks */,
				42719D5420E6251A005039DF /* Resources */,
				CDFE7F6F05A312E85D766F84 /* [CP] Embed Pods Frameworks */,
				6B81A3EBB07FBDCBDE320F53 /* [CP] Copy Pods Resources */,
			);
			buildRules = (
			);
			dependencies = (
			);
			name = PTT2.0;
			productName = PTT2.0;
			productReference = 42719D5620E6251A005039DF /* PTT2.0.app */;
			productType = "com.apple.product-type.application";
		};
/* End PBXNativeTarget section */

/* Begin PBXProject section */
		42719D4E20E6251A005039DF /* Project object */ = {
			isa = PBXProject;
			attributes = {
				LastSwiftUpdateCheck = 0930;
				LastUpgradeCheck = 0930;
				ORGANIZATIONNAME = ChrisYoung;
				TargetAttributes = {
					42719D5520E6251A005039DF = {
						CreatedOnToolsVersion = 9.3;
					};
				};
			};
			buildConfigurationList = 42719D5120E6251A005039DF /* Build configuration list for PBXProject "PTT2.0" */;
			compatibilityVersion = "Xcode 9.3";
			developmentRegion = en;
			hasScannedForEncodings = 0;
			knownRegions = (
				en,
				Base,
			);
			mainGroup = 42719D4D20E6251A005039DF;
			productRefGroup = 42719D5720E6251A005039DF /* Products */;
			projectDirPath = "";
			projectRoot = "";
			targets = (
				42719D5520E6251A005039DF /* PTT2.0 */,
			);
		};
/* End PBXProject section */

/* Begin PBXResourcesBuildPhase section */
		42719D5420E6251A005039DF /* Resources */ = {
			isa = PBXResourcesBuildPhase;
			buildActionMask = 2147483647;
			files = (
				42719D6420E6251B005039DF /* LaunchScreen.storyboard in Resources */,
				42719D6120E6251B005039DF /* Assets.xcassets in Resources */,
				42719D5F20E6251A005039DF /* Main.storyboard in Resources */,
			);
			runOnlyForDeploymentPostprocessing = 0;
		};
/* End PBXResourcesBuildPhase section */

/* Begin PBXShellScriptBuildPhase section */
		6B81A3EBB07FBDCBDE320F53 /* [CP] Copy Pods Resources */ = {
			isa = PBXShellScriptBuildPhase;
			buildActionMask = 2147483647;
			files = (
			);
			inputPaths = (
			);
			name = "[CP] Copy Pods Resources";
			outputPaths = (
			);
			runOnlyForDeploymentPostprocessing = 0;
			shellPath = /bin/sh;
			shellScript = "\"${SRCROOT}/Pods/Target Support Files/Pods-PTT2.0/Pods-PTT2.0-resources.sh\"\n";
			showEnvVarsInLog = 0;
		};
		CDFE7F6F05A312E85D766F84 /* [CP] Embed Pods Frameworks */ = {
			isa = PBXShellScriptBuildPhase;
			buildActionMask = 2147483647;
			files = (
			);
			inputPaths = (
				"${SRCROOT}/Pods/Target Support Files/Pods-PTT2.0/Pods-PTT2.0-frameworks.sh",
				"${BUILT_PRODUCTS_DIR}/Alamofire/Alamofire.framework",
				"${BUILT_PRODUCTS_DIR}/AlamofireImage/AlamofireImage.framework",
				"${BUILT_PRODUCTS_DIR}/SVProgressHUD/SVProgressHUD.framework",
				"${BUILT_PRODUCTS_DIR}/SwiftyJSON/SwiftyJSON.framework",
			);
			name = "[CP] Embed Pods Frameworks";
			outputPaths = (
				"${TARGET_BUILD_DIR}/${FRAMEWORKS_FOLDER_PATH}/Alamofire.framework",
				"${TARGET_BUILD_DIR}/${FRAMEWORKS_FOLDER_PATH}/AlamofireImage.framework",
				"${TARGET_BUILD_DIR}/${FRAMEWORKS_FOLDER_PATH}/SVProgressHUD.framework",
				"${TARGET_BUILD_DIR}/${FRAMEWORKS_FOLDER_PATH}/SwiftyJSON.framework",
			);
			runOnlyForDeploymentPostprocessing = 0;
			shellPath = /bin/sh;
			shellScript = "\"${SRCROOT}/Pods/Target Support Files/Pods-PTT2.0/Pods-PTT2.0-frameworks.sh\"\n";
			showEnvVarsInLog = 0;
		};
		FC39474A9D99A530F8CE04A0 /* [CP] Check Pods Manifest.lock */ = {
			isa = PBXShellScriptBuildPhase;
			buildActionMask = 2147483647;
			files = (
			);
			inputPaths = (
				"${PODS_PODFILE_DIR_PATH}/Podfile.lock",
				"${PODS_ROOT}/Manifest.lock",
			);
			name = "[CP] Check Pods Manifest.lock";
			outputPaths = (
				"$(DERIVED_FILE_DIR)/Pods-PTT2.0-checkManifestLockResult.txt",
			);
			runOnlyForDeploymentPostprocessing = 0;
			shellPath = /bin/sh;
			shellScript = "diff \"${PODS_PODFILE_DIR_PATH}/Podfile.lock\" \"${PODS_ROOT}/Manifest.lock\" > /dev/null\nif [ $? != 0 ] ; then\n    # print error to STDERR\n    echo \"error: The sandbox is not in sync with the Podfile.lock. Run 'pod install' or update your CocoaPods installation.\" >&2\n    exit 1\nfi\n# This output is used by Xcode 'outputs' to avoid re-running this script phase.\necho \"SUCCESS\" > \"${SCRIPT_OUTPUT_FILE_0}\"\n";
			showEnvVarsInLog = 0;
		};
/* End PBXShellScriptBuildPhase section */

/* Begin PBXSourcesBuildPhase section */
		42719D5220E6251A005039DF /* Sources */ = {
			isa = PBXSourcesBuildPhase;
			buildActionMask = 2147483647;
			files = (
				42719D7020E629B0005039DF /* HotText.swift in Sources */,
				42719D6E20E62872005039DF /* HotTextTableViewController.swift in Sources */,
				42719D6C20E62856005039DF /* HotTextTableViewCell.swift in Sources */,
				42E1116420EA0D6900BDC1C3 /* HotTextDetailViewController.swift in Sources */,
				42719D5A20E6251A005039DF /* AppDelegate.swift in Sources */,
			);
			runOnlyForDeploymentPostprocessing = 0;
		};
/* End PBXSourcesBuildPhase section */

/* Begin PBXVariantGroup section */
		42719D5D20E6251A005039DF /* Main.storyboard */ = {
			isa = PBXVariantGroup;
			children = (
				42719D5E20E6251A005039DF /* Base */,
			);
			name = Main.storyboard;
			sourceTree = "<group>";
		};
		42719D6220E6251B005039DF /* LaunchScreen.storyboard */ = {
			isa = PBXVariantGroup;
			children = (
				42719D6320E6251B005039DF /* Base */,
			);
			name = LaunchScreen.storyboard;
			sourceTree = "<group>";
		};
/* End PBXVariantGroup section */

/* Begin XCBuildConfiguration section */
		42719D6620E6251B005039DF /* Debug */ = {
			isa = XCBuildConfiguration;
			buildSettings = {
				ALWAYS_SEARCH_USER_PATHS = NO;
				CLANG_ANALYZER_NONNULL = YES;
				CLANG_ANALYZER_NUMBER_OBJECT_CONVERSION = YES_AGGRESSIVE;
				CLANG_CXX_LANGUAGE_STANDARD = "gnu++14";
				CLANG_CXX_LIBRARY = "libc++";
				CLANG_ENABLE_MODULES = YES;
				CLANG_ENABLE_OBJC_ARC = YES;
				CLANG_ENABLE_OBJC_WEAK = YES;
				CLANG_WARN_BLOCK_CAPTURE_AUTORELEASING = YES;
				CLANG_WARN_BOOL_CONVERSION = YES;
				CLANG_WARN_COMMA = YES;
				CLANG_WARN_CONSTANT_CONVERSION = YES;
				CLANG_WARN_DEPRECATED_OBJC_IMPLEMENTATIONS = YES;
				CLANG_WARN_DIRECT_OBJC_ISA_USAGE = YES_ERROR;
				CLANG_WARN_DOCUMENTATION_COMMENTS = YES;
				CLANG_WARN_EMPTY_BODY = YES;
				CLANG_WARN_ENUM_CONVERSION = YES;
				CLANG_WARN_INFINITE_RECURSION = YES;
				CLANG_WARN_INT_CONVERSION = YES;
				CLANG_WARN_NON_LITERAL_NULL_CONVERSION = YES;
				CLANG_WARN_OBJC_IMPLICIT_RETAIN_SELF = YES;
				CLANG_WARN_OBJC_LITERAL_CONVERSION = YES;
				CLANG_WARN_OBJC_ROOT_CLASS = YES_ERROR;
				CLANG_WARN_RANGE_LOOP_ANALYSIS = YES;
				CLANG_WARN_STRICT_PROTOTYPES = YES;
				CLANG_WARN_SUSPICIOUS_MOVE = YES;
				CLANG_WARN_UNGUARDED_AVAILABILITY = YES_AGGRESSIVE;
				CLANG_WARN_UNREACHABLE_CODE = YES;
				CLANG_WARN__DUPLICATE_METHOD_MATCH = YES;
				CODE_SIGN_IDENTITY = "iPhone Developer";
				COPY_PHASE_STRIP = NO;
				DEBUG_INFORMATION_FORMAT = dwarf;
				ENABLE_STRICT_OBJC_MSGSEND = YES;
				ENABLE_TESTABILITY = YES;
				GCC_C_LANGUAGE_STANDARD = gnu11;
				GCC_DYNAMIC_NO_PIC = NO;
				GCC_NO_COMMON_BLOCKS = YES;
				GCC_OPTIMIZATION_LEVEL = 0;
				GCC_PREPROCESSOR_DEFINITIONS = (
					"DEBUG=1",
					"$(inherited)",
				);
				GCC_WARN_64_TO_32_BIT_CONVERSION = YES;
				GCC_WARN_ABOUT_RETURN_TYPE = YES_ERROR;
				GCC_WARN_UNDECLARED_SELECTOR = YES;
				GCC_WARN_UNINITIALIZED_AUTOS = YES_AGGRESSIVE;
				GCC_WARN_UNUSED_FUNCTION = YES;
				GCC_WARN_UNUSED_VARIABLE = YES;
				IPHONEOS_DEPLOYMENT_TARGET = 11.3;
				MTL_ENABLE_DEBUG_INFO = YES;
				ONLY_ACTIVE_ARCH = YES;
				SDKROOT = iphoneos;
				SWIFT_ACTIVE_COMPILATION_CONDITIONS = DEBUG;
				SWIFT_OPTIMIZATION_LEVEL = "-Onone";
			};
			name = Debug;
		};
		42719D6720E6251B005039DF /* Release */ = {
			isa = XCBuildConfiguration;
			buildSettings = {
				ALWAYS_SEARCH_USER_PATHS = NO;
				CLANG_ANALYZER_NONNULL = YES;
				CLANG_ANALYZER_NUMBER_OBJECT_CONVERSION = YES_AGGRESSIVE;
				CLANG_CXX_LANGUAGE_STANDARD = "gnu++14";
				CLANG_CXX_LIBRARY = "libc++";
				CLANG_ENABLE_MODULES = YES;
				CLANG_ENABLE_OBJC_ARC = YES;
				CLANG_ENABLE_OBJC_WEAK = YES;
				CLANG_WARN_BLOCK_CAPTURE_AUTORELEASING = YES;
				CLANG_WARN_BOOL_CONVERSION = YES;
				CLANG_WARN_COMMA = YES;
				CLANG_WARN_CONSTANT_CONVERSION = YES;
				CLANG_WARN_DEPRECATED_OBJC_IMPLEMENTATIONS = YES;
				CLANG_WARN_DIRECT_OBJC_ISA_USAGE = YES_ERROR;
				CLANG_WARN_DOCUMENTATION_COMMENTS = YES;
				CLANG_WARN_EMPTY_BODY = YES;
				CLANG_WARN_ENUM_CONVERSION = YES;
				CLANG_WARN_INFINITE_RECURSION = YES;
				CLANG_WARN_INT_CONVERSION = YES;
				CLANG_WARN_NON_LITERAL_NULL_CONVERSION = YES;
				CLANG_WARN_OBJC_IMPLICIT_RETAIN_SELF = YES;
				CLANG_WARN_OBJC_LITERAL_CONVERSION = YES;
				CLANG_WARN_OBJC_ROOT_CLASS = YES_ERROR;
				CLANG_WARN_RANGE_LOOP_ANALYSIS = YES;
				CLANG_WARN_STRICT_PROTOTYPES = YES;
				CLANG_WARN_SUSPICIOUS_MOVE = YES;
				CLANG_WARN_UNGUARDED_AVAILABILITY = YES_AGGRESSIVE;
				CLANG_WARN_UNREACHABLE_CODE = YES;
				CLANG_WARN__DUPLICATE_METHOD_MATCH = YES;
				CODE_SIGN_IDENTITY = "iPhone Developer";
				COPY_PHASE_STRIP = NO;
				DEBUG_INFORMATION_FORMAT = "dwarf-with-dsym";
				ENABLE_NS_ASSERTIONS = NO;
				ENABLE_STRICT_OBJC_MSGSEND = YES;
				GCC_C_LANGUAGE_STANDARD = gnu11;
				GCC_NO_COMMON_BLOCKS = YES;
				GCC_WARN_64_TO_32_BIT_CONVERSION = YES;
				GCC_WARN_ABOUT_RETURN_TYPE = YES_ERROR;
				GCC_WARN_UNDECLARED_SELECTOR = YES;
				GCC_WARN_UNINITIALIZED_AUTOS = YES_AGGRESSIVE;
				GCC_WARN_UNUSED_FUNCTION = YES;
				GCC_WARN_UNUSED_VARIABLE = YES;
				IPHONEOS_DEPLOYMENT_TARGET = 11.3;
				MTL_ENABLE_DEBUG_INFO = NO;
				SDKROOT = iphoneos;
				SWIFT_COMPILATION_MODE = wholemodule;
				SWIFT_OPTIMIZATION_LEVEL = "-O";
				VALIDATE_PRODUCT = YES;
			};
			name = Release;
		};
		42719D6920E6251B005039DF /* Debug */ = {
			isa = XCBuildConfiguration;
			baseConfigurationReference = 3847A72EC14362637237AF9C /* Pods-PTT2.0.debug.xcconfig */;
			buildSettings = {
				ASSETCATALOG_COMPILER_APPICON_NAME = AppIcon;
				CODE_SIGN_STYLE = Automatic;
				DEVELOPMENT_TEAM = T9EWCF83UK;
				INFOPLIST_FILE = PTT2.0/Info.plist;
				LD_RUNPATH_SEARCH_PATHS = (
					"$(inherited)",
					"@executable_path/Frameworks",
				);
				PRODUCT_BUNDLE_IDENTIFIER = "com.chrisyoung.PTT2-0";
				PRODUCT_NAME = "$(TARGET_NAME)";
				SWIFT_VERSION = 4.0;
				TARGETED_DEVICE_FAMILY = "1,2";
			};
			name = Debug;
		};
		42719D6A20E6251B005039DF /* Release */ = {
			isa = XCBuildConfiguration;
			baseConfigurationReference = 788D34EC83C19B83FB05B02D /* Pods-PTT2.0.release.xcconfig */;
			buildSettings = {
				ASSETCATALOG_COMPILER_APPICON_NAME = AppIcon;
				CODE_SIGN_STYLE = Automatic;
				DEVELOPMENT_TEAM = T9EWCF83UK;
				INFOPLIST_FILE = PTT2.0/Info.plist;
				LD_RUNPATH_SEARCH_PATHS = (
					"$(inherited)",
					"@executable_path/Frameworks",
				);
				PRODUCT_BUNDLE_IDENTIFIER = "com.chrisyoung.PTT2-0";
				PRODUCT_NAME = "$(TARGET_NAME)";
				SWIFT_VERSION = 4.0;
				TARGETED_DEVICE_FAMILY = "1,2";
			};
			name = Release;
		};
/* End XCBuildConfiguration section */

/* Begin XCConfigurationList section */
		42719D5120E6251A005039DF /* Build configuration list for PBXProject "PTT2.0" */ = {
			isa = XCConfigurationList;
			buildConfigurations = (
				42719D6620E6251B005039DF /* Debug */,
				42719D6720E6251B005039DF /* Release */,
			);
			defaultConfigurationIsVisible = 0;
			defaultConfigurationName = Release;
		};
		42719D6820E6251B005039DF /* Build configuration list for PBXNativeTarget "PTT2.0" */ = {
			isa = XCConfigurationList;
			buildConfigurations = (
				42719D6920E6251B005039DF /* Debug */,
				42719D6A20E6251B005039DF /* Release */,
			);
			defaultConfigurationIsVisible = 0;
			defaultConfigurationName = Release;
		};
/* End XCConfigurationList section */
	};
	rootObject = 42719D4E20E6251A005039DF /* Project object */;
}
